
Microsoft Visual Studio Solution File, Format Version 12.00
# Visual Studio Version 16
VisualStudioVersion = 16.0.31129.286
MinimumVisualStudioVersion = 10.0.40219.1
Project("{FAE04EC0-301F-11D3-BF4B-00C04F79EFBC}") = "Formatters", "Formatters\Formatters.csproj", "{330A7803-59DC-4CFB-B2A2-E2366E246DD4}"
EndProject
Project("{FAE04EC0-301F-11D3-BF4B-00C04F79EFBC}") = "Formatters.Test", "Formatters.Test\Formatters.Test.csproj", "{079ED5AE-3429-4E92-AA0C-AD426792256D}"
EndProject
Global
	GlobalSection(SolutionConfigurationPlatforms) = preSolution
		Debug|Any CPU = Debug|Any CPU
		Release|Any CPU = Release|Any CPU
	EndGlobalSection
	GlobalSection(ProjectConfigurationPlatforms) = postSolution
		{330A7803-59DC-4CFB-B2A2-E2366E246DD4}.Debug|Any CPU.ActiveCfg = Debug|Any CPU
		{330A7803-59DC-4CFB-B2A2-E2366E246DD4}.Debug|Any CPU.Build.0 = Debug|Any CPU
		{330A7803-59DC-4CFB-B2A2-E2366E246DD4}.Release|Any CPU.ActiveCfg = Release|Any CPU
		{330A7803-59DC-4CFB-B2A2-E2366E246DD4}.Release|Any CPU.Build.0 = Release|Any CPU
		{079ED5AE-3429-4E92-AA0C-AD426792256D}.Debug|Any CPU.ActiveCfg = Debug|Any CPU
		{079ED5AE-3429-4E92-AA0C-AD426792256D}.Debug|Any CPU.Build.0 = Debug|Any CPU
		{079ED5AE-3429-4E92-AA0C-AD426792256D}.Release|Any CPU.ActiveCfg = Release|Any CPU
		{079ED5AE-3429-4E92-AA0C-AD426792256D}.Release|Any CPU.Build.0 = Release|Any CPU
	EndGlobalSection
	GlobalSection(SolutionProperties) = preSolution
		HideSolutionNode = FALSE
	EndGlobalSection
	GlobalSection(ExtensibilityGlobals) = postSolution
		SolutionGuid = {E0668C0A-5063-4895-A74D-922D65ACFD11}
	EndGlobalSection
EndGlobal
