
Microsoft Visual Studio Solution File, Format Version 12.00
# Visual Studio Version 17
VisualStudioVersion = 17.4.33122.133
MinimumVisualStudioVersion = 10.0.40219.1
Project("{9A19103F-16F7-4668-BE54-9A1E7A4F7556}") = "Formatters", "Formatters\Formatters.csproj", "{37FF6D6D-DBEF-4B93-A689-CE8686FCBF2A}"
EndProject
Project("{9A19103F-16F7-4668-BE54-9A1E7A4F7556}") = "Formatters.Test", "Formatters.Test\Formatters.Test.csproj", "{77A39C05-BC13-40CA-8B97-0A5F9C76627B}"
EndProject
Global
	GlobalSection(SolutionConfigurationPlatforms) = preSolution
		Debug|Any CPU = Debug|Any CPU
		Release|Any CPU = Release|Any CPU
	EndGlobalSection
	GlobalSection(ProjectConfigurationPlatforms) = postSolution
		{37FF6D6D-DBEF-4B93-A689-CE8686FCBF2A}.Debug|Any CPU.ActiveCfg = Debug|Any CPU
		{37FF6D6D-DBEF-4B93-A689-CE8686FCBF2A}.Debug|Any CPU.Build.0 = Debug|Any CPU
		{37FF6D6D-DBEF-4B93-A689-CE8686FCBF2A}.Release|Any CPU.ActiveCfg = Release|Any CPU
		{37FF6D6D-DBEF-4B93-A689-CE8686FCBF2A}.Release|Any CPU.Build.0 = Release|Any CPU
		{77A39C05-BC13-40CA-8B97-0A5F9C76627B}.Debug|Any CPU.ActiveCfg = Debug|Any CPU
		{77A39C05-BC13-40CA-8B97-0A5F9C76627B}.Debug|Any CPU.Build.0 = Debug|Any CPU
		{77A39C05-BC13-40CA-8B97-0A5F9C76627B}.Release|Any CPU.ActiveCfg = Release|Any CPU
		{77A39C05-BC13-40CA-8B97-0A5F9C76627B}.Release|Any CPU.Build.0 = Release|Any CPU
	EndGlobalSection
	GlobalSection(SolutionProperties) = preSolution
		HideSolutionNode = FALSE
	EndGlobalSection
	GlobalSection(ExtensibilityGlobals) = postSolution
		SolutionGuid = {5EF6634B-7AA8-4319-89DB-28B85F4BA062}
	EndGlobalSection
EndGlobal
