
Microsoft Visual Studio Solution File, Format Version 12.00
# Visual Studio Version 16
VisualStudioVersion = 16.0.30717.126
MinimumVisualStudioVersion = 10.0.40219.1
Project("{9A19103F-16F7-4668-BE54-9A1E7A4F7556}") = "Formatters", "Formatters\Formatters.csproj", "{9F3552DA-3751-4F36-993C-0DAA496F82E1}"
EndProject
Project("{9A19103F-16F7-4668-BE54-9A1E7A4F7556}") = "Formatters.Test", "Formatters.Test\Formatters.Test.csproj", "{B698E991-79FC-45E1-9402-5C3BA0D67F04}"
EndProject
Global
	GlobalSection(SolutionConfigurationPlatforms) = preSolution
		Debug|Any CPU = Debug|Any CPU
		Release|Any CPU = Release|Any CPU
	EndGlobalSection
	GlobalSection(ProjectConfigurationPlatforms) = postSolution
		{9F3552DA-3751-4F36-993C-0DAA496F82E1}.Debug|Any CPU.ActiveCfg = Debug|Any CPU
		{9F3552DA-3751-4F36-993C-0DAA496F82E1}.Debug|Any CPU.Build.0 = Debug|Any CPU
		{9F3552DA-3751-4F36-993C-0DAA496F82E1}.Release|Any CPU.ActiveCfg = Release|Any CPU
		{9F3552DA-3751-4F36-993C-0DAA496F82E1}.Release|Any CPU.Build.0 = Release|Any CPU
		{B698E991-79FC-45E1-9402-5C3BA0D67F04}.Debug|Any CPU.ActiveCfg = Debug|Any CPU
		{B698E991-79FC-45E1-9402-5C3BA0D67F04}.Debug|Any CPU.Build.0 = Debug|Any CPU
		{B698E991-79FC-45E1-9402-5C3BA0D67F04}.Release|Any CPU.ActiveCfg = Release|Any CPU
		{B698E991-79FC-45E1-9402-5C3BA0D67F04}.Release|Any CPU.Build.0 = Release|Any CPU
	EndGlobalSection
	GlobalSection(SolutionProperties) = preSolution
		HideSolutionNode = FALSE
	EndGlobalSection
	GlobalSection(ExtensibilityGlobals) = postSolution
		SolutionGuid = {842F21EC-3B96-460D-A9FA-2C78BA0BB6E2}
	EndGlobalSection
EndGlobal
